
Microsoft Visual Studio Solution File, Format Version 12.00
# Visual Studio Version 17
VisualStudioVersion = 17.13.35605.110
MinimumVisualStudioVersion = 10.0.40219.1
Project("{FAE04EC0-301F-11D3-BF4B-00C04F79EFBC}") = "CoreAndFood", "CoreAndFood\CoreAndFood.csproj", "{E7B51163-3F85-4AF0-BB68-DC72FDA793D8}"
EndProject
Global
	GlobalSection(SolutionConfigurationPlatforms) = preSolution
		Debug|Any CPU = Debug|Any CPU
		Release|Any CPU = Release|Any CPU
	EndGlobalSection
	GlobalSection(ProjectConfigurationPlatforms) = postSolution
		{E7B51163-3F85-4AF0-BB68-DC72FDA793D8}.Debug|Any CPU.ActiveCfg = Debug|Any CPU
		{E7B51163-3F85-4AF0-BB68-DC72FDA793D8}.Debug|Any CPU.Build.0 = Debug|Any CPU
		{E7B51163-3F85-4AF0-BB68-DC72FDA793D8}.Release|Any CPU.ActiveCfg = Release|Any CPU
		{E7B51163-3F85-4AF0-BB68-DC72FDA793D8}.Release|Any CPU.Build.0 = Release|Any CPU
	EndGlobalSection
	GlobalSection(SolutionProperties) = preSolution
		HideSolutionNode = FALSE
	EndGlobalSection
	GlobalSection(ExtensibilityGlobals) = postSolution
		SolutionGuid = {B659ED63-D697-42A2-B7E0-0211ABFEB2CF}
	EndGlobalSection
EndGlobal
